// !$*UTF8*$!
{
archiveVersion = 1;
classes = {};
objectVersion = 56;
objects = {

/* Begin PBXBuildFile section */
A10101010101010101010101 /* URLDashApp.swift in Sources */ = {isa = PBXBuildFile; fileRef = A20101010101010101010101 /* URLDashApp.swift */; };
A10101010101010101010102 /* ContentView.swift in Sources */ = {isa = PBXBuildFile; fileRef = A20101010101010101010102 /* ContentView.swift */; };
A10101010101010101010103 /* WebView.swift in Sources */ = {isa = PBXBuildFile; fileRef = A20101010101010101010103 /* WebView.swift */; };
A10101010101010101010104 /* AppConfig.swift in Sources */ = {isa = PBXBuildFile; fileRef = A20101010101010101010104 /* AppConfig.swift */; };
A10101010101010101010105 /* Assets.xcassets in Resources */ = {isa = PBXBuildFile; fileRef = A20101010101010101010105 /* Assets.xcassets */; };
/* End PBXBuildFile section */

/* Begin PBXFileReference section */
A20101010101010101010101 /* URLDashApp.swift */ = {isa = PBXFileReference; lastKnownFileType = sourcecode.swift; path = URLDashApp.swift; sourceTree = "<group>"; };
A20101010101010101010102 /* ContentView.swift */ = {isa = PBXFileReference; lastKnownFileType = sourcecode.swift; path = ContentView.swift; sourceTree = "<group>"; };
A20101010101010101010103 /* WebView.swift */ = {isa = PBXFileReference; lastKnownFileType = sourcecode.swift; path = WebView.swift; sourceTree = "<group>"; };
A20101010101010101010104 /* AppConfig.swift */ = {isa = PBXFileReference; lastKnownFileType = sourcecode.swift; path = AppConfig.swift; sourceTree = "<group>"; };
A20101010101010101010105 /* Assets.xcassets */ = {isa = PBXFileReference; lastKnownFileType = folder.assetcatalog; path = Assets.xcassets; sourceTree = "<group>"; };
A20101010101010101010106 /* Info.plist */ = {isa = PBXFileReference; lastKnownFileType = text.plist.xml; path = Info.plist; sourceTree = "<group>"; };
A20101010101010101010107 /* Preview Assets.xcassets */ = {isa = PBXFileReference; lastKnownFileType = folder.assetcatalog; path = "Preview Assets.xcassets"; sourceTree = "<group>"; };
A20101010101010101010108 /* URLDash.app */ = {isa = PBXFileReference; explicitFileType = wrapper.application; includeInIndex = 0; path = URLDash.app; sourceTree = BUILT_PRODUCTS_DIR; };
/* End PBXFileReference section */

/* Begin PBXFrameworksBuildPhase section */
A30101010101010101010100 /* Frameworks */ = {
isa = PBXFrameworksBuildPhase;
buildActionMask = 2147483647;
files = (
);
runOnlyForDeploymentPostprocessing = 0;
};
/* End PBXFrameworksBuildPhase section */

/* Begin PBXGroup section */
A40101010101010101010100 = {
isa = PBXGroup;
children = (
A50101010101010101010100 /* URLDash */,
A60101010101010101010100 /* Products */,
);
sourceTree = "<group>";
};
A50101010101010101010100 /* URLDash */ = {
isa = PBXGroup;
children = (
A20101010101010101010101 /* URLDashApp.swift */,
A20101010101010101010104 /* AppConfig.swift */,
A20101010101010101010102 /* ContentView.swift */,
A20101010101010101010103 /* WebView.swift */,
A20101010101010101010105 /* Assets.xcassets */,
A20101010101010101010106 /* Info.plist */,
A70101010101010101010100 /* Preview Content */,
);
path = URLDash;
sourceTree = "<group>";
};
A60101010101010101010100 /* Products */ = {
isa = PBXGroup;
children = (
A20101010101010101010108 /* URLDash.app */,
);
name = Products;
sourceTree = "<group>";
};
A70101010101010101010100 /* Preview Content */ = {
isa = PBXGroup;
children = (
A20101010101010101010107 /* Preview Assets.xcassets */,
);
path = "Preview Content";
sourceTree = "<group>";
};
/* End PBXGroup section */

/* Begin PBXNativeTarget section */
A80101010101010101010100 /* URLDash */ = {
isa = PBXNativeTarget;
buildConfigurationList = A90101010101010101010100 /* Build configuration list for PBXNativeTarget "URLDash" */;
buildPhases = (
B00101010101010101010100 /* Sources */,
A30101010101010101010100 /* Frameworks */,
B10101010101010101010100 /* Resources */,
);
buildRules = (
);
dependencies = (
);
name = URLDash;
productName = URLDash;
productReference = A20101010101010101010108 /* URLDash.app */;
productType = "com.apple.product-type.application";
};
/* End PBXNativeTarget section */

/* Begin PBXProject section */
AA0101010101010101010100 /* Project object */ = {
isa = PBXProject;
attributes = {
LastSwiftUpdateCheck = 1550;
LastUpgradeCheck = 1550;
TargetAttributes = {
A80101010101010101010100 = {
CreatedOnToolsVersion = 15.5;
};
};
};
buildConfigurationList = AB0101010101010101010100 /* Build configuration list for PBXProject "URLDash" */;
compatibilityVersion = "Xcode 15.0";
developmentRegion = en;
hasScannedForEncodings = 0;
knownRegions = (
en,
Base,
);
mainGroup = A40101010101010101010100;
productRefGroup = A60101010101010101010100 /* Products */;
projectDirPath = "";
projectRoot = "";
targets = (
A80101010101010101010100 /* URLDash */,
);
};
/* End PBXProject section */

/* Begin PBXResourcesBuildPhase section */
B10101010101010101010100 /* Resources */ = {
isa = PBXResourcesBuildPhase;
buildActionMask = 2147483647;
files = (
A10101010101010101010105 /* Assets.xcassets in Resources */,
);
runOnlyForDeploymentPostprocessing = 0;
};
/* End PBXResourcesBuildPhase section */

/* Begin PBXSourcesBuildPhase section */
B00101010101010101010100 /* Sources */ = {
isa = PBXSourcesBuildPhase;
buildActionMask = 2147483647;
files = (
A10101010101010101010104 /* AppConfig.swift in Sources */,
A10101010101010101010102 /* ContentView.swift in Sources */,
A10101010101010101010103 /* WebView.swift in Sources */,
A10101010101010101010101 /* URLDashApp.swift in Sources */,
);
runOnlyForDeploymentPostprocessing = 0;
};
/* End PBXSourcesBuildPhase section */

/* Begin XCBuildConfiguration section */
AC0101010101010101010100 /* Debug */ = {
isa = XCBuildConfiguration;
buildSettings = {
ALWAYS_SEARCH_USER_PATHS = NO;
CLANG_ANALYZER_NONNULL = YES;
CLANG_ANALYZER_NUMBER_OBJECT_CONVERSION = YES_AGGRESSIVE;
CLANG_CXX_LANGUAGE_STANDARD = "gnu++20";
CLANG_ENABLE_MODULES = YES;
CLANG_ENABLE_OBJC_ARC = YES;
CLANG_WARN_BLOCK_CAPTURE_AUTORELEASING = YES;
CLANG_WARN_BOOL_CONVERSION = YES;
CLANG_WARN_COMMA = YES;
CLANG_WARN_CONSTANT_CONVERSION = YES;
CLANG_WARN_DEPRECATED_OBJC_IMPLEMENTATIONS = YES;
CLANG_WARN_DIRECT_OBJC_ISA_USAGE = YES_ERROR;
CLANG_WARN_DOCUMENTATION_COMMENTS = YES;
CLANG_WARN_EMPTY_BODY = YES;
CLANG_WARN_ENUM_CONVERSION = YES;
CLANG_WARN_INFINITE_RECURSION = YES;
CLANG_WARN_INT_CONVERSION = YES;
CLANG_WARN_NON_LITERAL_NULL_CONVERSION = YES;
CLANG_WARN_OBJC_IMPLICIT_RETAIN_SELF = YES;
CLANG_WARN_OBJC_LITERAL_CONVERSION = YES;
CLANG_WARN_RANGE_LOOP_ANALYSIS = YES;
CLANG_WARN_STRICT_PROTOTYPES = YES;
CLANG_WARN_SUSPICIOUS_MOVE = YES;
CLANG_WARN_UNGUARDED_AVAILABILITY = YES_AGGRESSIVE;
CODE_SIGN_STYLE = Automatic;
COPY_PHASE_STRIP = NO;
DEBUG_INFORMATION_FORMAT = dwarf;
ENABLE_NS_ASSERTIONS = YES;
ENABLE_STRICT_OBJC_MSGSEND = YES;
ENABLE_TESTABILITY = YES;
GCC_C_LANGUAGE_STANDARD = gnu17;
GCC_DYNAMIC_NO_PIC = NO;
GCC_NO_COMMON_BLOCKS = YES;
GCC_OPTIMIZATION_LEVEL = 0;
GCC_PREPROCESSOR_DEFINITIONS = (
"DEBUG=1",
"$(inherited)",
);
GCC_WARN_64_TO_32_BIT_CONVERSION = YES;
GCC_WARN_ABOUT_RETURN_TYPE = YES_ERROR;
GCC_WARN_UNDECLARED_SELECTOR = YES;
GCC_WARN_UNINITIALIZED_AUTOS = YES_AGGRESSIVE;
GCC_WARN_UNUSED_FUNCTION = YES;
GCC_WARN_UNUSED_VARIABLE = YES;
MTL_ENABLE_DEBUG_INFO = INCLUDE_SOURCE;
ONLY_ACTIVE_ARCH = YES;
PRODUCT_NAME = "$(TARGET_NAME)";
SDKROOT = appletvos;
SUPPORTED_PLATFORMS = "appletvos appletvsimulator";
SWIFT_ACTIVE_COMPILATION_CONDITIONS = DEBUG;
SWIFT_OPTIMIZATION_LEVEL = "-Onone";
TARGETED_DEVICE_FAMILY = 3;
TVOS_DEPLOYMENT_TARGET = 17.0;
};
name = Debug;
};
AD0101010101010101010100 /* Release */ = {
isa = XCBuildConfiguration;
buildSettings = {
ALWAYS_SEARCH_USER_PATHS = NO;
CLANG_ANALYZER_NONNULL = YES;
CLANG_ANALYZER_NUMBER_OBJECT_CONVERSION = YES_AGGRESSIVE;
CLANG_CXX_LANGUAGE_STANDARD = "gnu++20";
CLANG_ENABLE_MODULES = YES;
CLANG_ENABLE_OBJC_ARC = YES;
CLANG_WARN_BLOCK_CAPTURE_AUTORELEASING = YES;
CLANG_WARN_BOOL_CONVERSION = YES;
CLANG_WARN_COMMA = YES;
CLANG_WARN_CONSTANT_CONVERSION = YES;
CLANG_WARN_DEPRECATED_OBJC_IMPLEMENTATIONS = YES;
CLANG_WARN_DIRECT_OBJC_ISA_USAGE = YES_ERROR;
CLANG_WARN_DOCUMENTATION_COMMENTS = YES;
CLANG_WARN_EMPTY_BODY = YES;
CLANG_WARN_ENUM_CONVERSION = YES;
CLANG_WARN_INFINITE_RECURSION = YES;
CLANG_WARN_INT_CONVERSION = YES;
CLANG_WARN_NON_LITERAL_NULL_CONVERSION = YES;
CLANG_WARN_OBJC_IMPLICIT_RETAIN_SELF = YES;
CLANG_WARN_OBJC_LITERAL_CONVERSION = YES;
CLANG_WARN_RANGE_LOOP_ANALYSIS = YES;
CLANG_WARN_STRICT_PROTOTYPES = YES;
CLANG_WARN_SUSPICIOUS_MOVE = YES;
CLANG_WARN_UNGUARDED_AVAILABILITY = YES_AGGRESSIVE;
CODE_SIGN_STYLE = Automatic;
COPY_PHASE_STRIP = NO;
DEBUG_INFORMATION_FORMAT = "dwarf-with-dsym";
ENABLE_NS_ASSERTIONS = NO;
ENABLE_STRICT_OBJC_MSGSEND = YES;
GCC_C_LANGUAGE_STANDARD = gnu17;
GCC_NO_COMMON_BLOCKS = YES;
GCC_WARN_64_TO_32_BIT_CONVERSION = YES;
GCC_WARN_ABOUT_RETURN_TYPE = YES_ERROR;
GCC_WARN_UNDECLARED_SELECTOR = YES;
GCC_WARN_UNINITIALIZED_AUTOS = YES_AGGRESSIVE;
GCC_WARN_UNUSED_FUNCTION = YES;
GCC_WARN_UNUSED_VARIABLE = YES;
MTL_ENABLE_DEBUG_INFO = NO;
PRODUCT_NAME = "$(TARGET_NAME)";
SDKROOT = appletvos;
SUPPORTED_PLATFORMS = "appletvos appletvsimulator";
SWIFT_COMPILATION_MODE = wholemodule;
SWIFT_OPTIMIZATION_LEVEL = "-O";
TARGETED_DEVICE_FAMILY = 3;
TVOS_DEPLOYMENT_TARGET = 17.0;
};
name = Release;
};
AE0101010101010101010100 /* Debug */ = {
isa = XCBuildConfiguration;
buildSettings = {
ASSETCATALOG_COMPILER_APPICON_NAME = "";
ASSETCATALOG_COMPILER_GLOBAL_ACCENT_COLOR_NAME = AccentColor;
CLANG_ENABLE_MODULES = YES;
CODE_SIGN_STYLE = Automatic;
DEVELOPMENT_TEAM = "";
INFOPLIST_FILE = URLDash/Info.plist;
LD_RUNPATH_SEARCH_PATHS = "$(inherited) @executable_path/Frameworks";
PRODUCT_BUNDLE_IDENTIFIER = "com.example.tvurl";
PRODUCT_NAME = "$(TARGET_NAME)";
SDKROOT = appletvos;
SUPPORTS_MAC_DESIGNED_FOR_IPHONE_IPAD = NO;
SWIFT_EMIT_LOC_STRINGS = YES;
SWIFT_VERSION = 5.0;
TARGETED_DEVICE_FAMILY = 3;
TVOS_DEPLOYMENT_TARGET = 17.0;
};
name = Debug;
};
AF0101010101010101010100 /* Release */ = {
isa = XCBuildConfiguration;
buildSettings = {
ASSETCATALOG_COMPILER_APPICON_NAME = "";
ASSETCATALOG_COMPILER_GLOBAL_ACCENT_COLOR_NAME = AccentColor;
CLANG_ENABLE_MODULES = YES;
CODE_SIGN_STYLE = Automatic;
DEVELOPMENT_TEAM = "";
INFOPLIST_FILE = URLDash/Info.plist;
LD_RUNPATH_SEARCH_PATHS = "$(inherited) @executable_path/Frameworks";
PRODUCT_BUNDLE_IDENTIFIER = "com.example.tvurl";
PRODUCT_NAME = "$(TARGET_NAME)";
SDKROOT = appletvos;
SUPPORTS_MAC_DESIGNED_FOR_IPHONE_IPAD = NO;
SWIFT_EMIT_LOC_STRINGS = YES;
SWIFT_VERSION = 5.0;
TARGETED_DEVICE_FAMILY = 3;
TVOS_DEPLOYMENT_TARGET = 17.0;
};
name = Release;
};
/* End XCBuildConfiguration section */

/* Begin XCConfigurationList section */
AB0101010101010101010100 /* Build configuration list for PBXProject "URLDash" */ = {
isa = XCConfigurationList;
buildConfigurations = (
AC0101010101010101010100 /* Debug */,
AD0101010101010101010100 /* Release */,
);
defaultConfigurationIsVisible = 0;
defaultConfigurationName = Release;
};
A90101010101010101010100 /* Build configuration list for PBXNativeTarget "URLDash" */ = {
isa = XCConfigurationList;
buildConfigurations = (
AE0101010101010101010100 /* Debug */,
AF0101010101010101010100 /* Release */,
);
defaultConfigurationIsVisible = 0;
defaultConfigurationName = Release;
};
/* End XCConfigurationList section */

};
rootObject = AA0101010101010101010100 /* Project object */;
}
